// !$*UTF8*$!
{
	archiveVersion = 1;
	classes = {
	};
	objectVersion = 50;
	objects = {

/* Begin PBXBuildFile section */
		151427B124CF36970055BCD7 /* AppDelegate.swift in Sources */ = {isa = PBXBuildFile; fileRef = 151427B024CF36970055BCD7 /* AppDelegate.swift */; };
		151427B324CF36970055BCD7 /* SceneDelegate.swift in Sources */ = {isa = PBXBuildFile; fileRef = 151427B224CF36970055BCD7 /* SceneDelegate.swift */; };
		151427B524CF36970055BCD7 /* ContactListViewController.swift in Sources */ = {isa = PBXBuildFile; fileRef = 151427B424CF36970055BCD7 /* ContactListViewController.swift */; };
		151427B824CF36970055BCD7 /* Main.storyboard in Resources */ = {isa = PBXBuildFile; fileRef = 151427B624CF36970055BCD7 /* Main.storyboard */; };
		151427BA24CF36990055BCD7 /* Assets.xcassets in Resources */ = {isa = PBXBuildFile; fileRef = 151427B924CF36990055BCD7 /* Assets.xcassets */; };
		151427BD24CF36990055BCD7 /* LaunchScreen.storyboard in Resources */ = {isa = PBXBuildFile; fileRef = 151427BB24CF36990055BCD7 /* LaunchScreen.storyboard */; };
		151427C824CF369A0055BCD7 /* BandyerPjTests.swift in Sources */ = {isa = PBXBuildFile; fileRef = 151427C724CF369A0055BCD7 /* BandyerPjTests.swift */; };
		151427D324CF369A0055BCD7 /* BandyerPjUITests.swift in Sources */ = {isa = PBXBuildFile; fileRef = 151427D224CF369A0055BCD7 /* BandyerPjUITests.swift */; };
		151427E224D00D930055BCD7 /* Contact.swift in Sources */ = {isa = PBXBuildFile; fileRef = 151427E124D00D930055BCD7 /* Contact.swift */; };
		151427E424D014250055BCD7 /* ContactInfoTableViewCell.swift in Sources */ = {isa = PBXBuildFile; fileRef = 151427E324D014250055BCD7 /* ContactInfoTableViewCell.swift */; };
		1535F8CB24D16601008B0815 /* CallRoomViewController.swift in Sources */ = {isa = PBXBuildFile; fileRef = 1535F8CA24D16601008B0815 /* CallRoomViewController.swift */; };
		1535F8CE24D1B167008B0815 /* CameraPreviewLayerView.swift in Sources */ = {isa = PBXBuildFile; fileRef = 1535F8CD24D1B167008B0815 /* CameraPreviewLayerView.swift */; };
		1535F8D024D1B3CF008B0815 /* UIViewExtension.swift in Sources */ = {isa = PBXBuildFile; fileRef = 1535F8CF24D1B3CF008B0815 /* UIViewExtension.swift */; };
/* End PBXBuildFile section */

/* Begin PBXContainerItemProxy section */
		151427C424CF369A0055BCD7 /* PBXContainerItemProxy */ = {
			isa = PBXContainerItemProxy;
			containerPortal = 151427A524CF36970055BCD7 /* Project object */;
			proxyType = 1;
			remoteGlobalIDString = 151427AC24CF36970055BCD7;
			remoteInfo = BandyerPj;
		};
		151427CF24CF369A0055BCD7 /* PBXContainerItemProxy */ = {
			isa = PBXContainerItemProxy;
			containerPortal = 151427A524CF36970055BCD7 /* Project object */;
			proxyType = 1;
			remoteGlobalIDString = 151427AC24CF36970055BCD7;
			remoteInfo = BandyerPj;
		};
/* End PBXContainerItemProxy section */

/* Begin PBXFileReference section */
		151427AD24CF36970055BCD7 /* BandyerPj.app */ = {isa = PBXFileReference; explicitFileType = wrapper.application; includeInIndex = 0; path = BandyerPj.app; sourceTree = BUILT_PRODUCTS_DIR; };
		151427B024CF36970055BCD7 /* AppDelegate.swift */ = {isa = PBXFileReference; lastKnownFileType = sourcecode.swift; path = AppDelegate.swift; sourceTree = "<group>"; };
		151427B224CF36970055BCD7 /* SceneDelegate.swift */ = {isa = PBXFileReference; lastKnownFileType = sourcecode.swift; path = SceneDelegate.swift; sourceTree = "<group>"; };
		151427B424CF36970055BCD7 /* ContactListViewController.swift */ = {isa = PBXFileReference; lastKnownFileType = sourcecode.swift; path = ContactListViewController.swift; sourceTree = "<group>"; };
		151427B724CF36970055BCD7 /* Base */ = {isa = PBXFileReference; lastKnownFileType = file.storyboard; name = Base; path = Base.lproj/Main.storyboard; sourceTree = "<group>"; };
		151427B924CF36990055BCD7 /* Assets.xcassets */ = {isa = PBXFileReference; lastKnownFileType = folder.assetcatalog; path = Assets.xcassets; sourceTree = "<group>"; };
		151427BC24CF36990055BCD7 /* Base */ = {isa = PBXFileReference; lastKnownFileType = file.storyboard; name = Base; path = Base.lproj/LaunchScreen.storyboard; sourceTree = "<group>"; };
		151427BE24CF36990055BCD7 /* Info.plist */ = {isa = PBXFileReference; lastKnownFileType = text.plist.xml; path = Info.plist; sourceTree = "<group>"; };
		151427C324CF369A0055BCD7 /* BandyerPjTests.xctest */ = {isa = PBXFileReference; explicitFileType = wrapper.cfbundle; includeInIndex = 0; path = BandyerPjTests.xctest; sourceTree = BUILT_PRODUCTS_DIR; };
		151427C724CF369A0055BCD7 /* BandyerPjTests.swift */ = {isa = PBXFileReference; lastKnownFileType = sourcecode.swift; path = BandyerPjTests.swift; sourceTree = "<group>"; };
		151427C924CF369A0055BCD7 /* Info.plist */ = {isa = PBXFileReference; lastKnownFileType = text.plist.xml; path = Info.plist; sourceTree = "<group>"; };
		151427CE24CF369A0055BCD7 /* BandyerPjUITests.xctest */ = {isa = PBXFileReference; explicitFileType = wrapper.cfbundle; includeInIndex = 0; path = BandyerPjUITests.xctest; sourceTree = BUILT_PRODUCTS_DIR; };
		151427D224CF369A0055BCD7 /* BandyerPjUITests.swift */ = {isa = PBXFileReference; lastKnownFileType = sourcecode.swift; path = BandyerPjUITests.swift; sourceTree = "<group>"; };
		151427D424CF369A0055BCD7 /* Info.plist */ = {isa = PBXFileReference; lastKnownFileType = text.plist.xml; path = Info.plist; sourceTree = "<group>"; };
		151427E124D00D930055BCD7 /* Contact.swift */ = {isa = PBXFileReference; lastKnownFileType = sourcecode.swift; path = Contact.swift; sourceTree = "<group>"; };
		151427E324D014250055BCD7 /* ContactInfoTableViewCell.swift */ = {isa = PBXFileReference; lastKnownFileType = sourcecode.swift; path = ContactInfoTableViewCell.swift; sourceTree = "<group>"; };
		1535F8CA24D16601008B0815 /* CallRoomViewController.swift */ = {isa = PBXFileReference; lastKnownFileType = sourcecode.swift; path = CallRoomViewController.swift; sourceTree = "<group>"; };
		1535F8CD24D1B167008B0815 /* CameraPreviewLayerView.swift */ = {isa = PBXFileReference; lastKnownFileType = sourcecode.swift; path = CameraPreviewLayerView.swift; sourceTree = "<group>"; };
		1535F8CF24D1B3CF008B0815 /* UIViewExtension.swift */ = {isa = PBXFileReference; lastKnownFileType = sourcecode.swift; path = UIViewExtension.swift; sourceTree = "<group>"; };
/* End PBXFileReference section */

/* Begin PBXFrameworksBuildPhase section */
		151427AA24CF36970055BCD7 /* Frameworks */ = {
			isa = PBXFrameworksBuildPhase;
			buildActionMask = 2147483647;
			files = (
			);
			runOnlyForDeploymentPostprocessing = 0;
		};
		151427C024CF369A0055BCD7 /* Frameworks */ = {
			isa = PBXFrameworksBuildPhase;
			buildActionMask = 2147483647;
			files = (
			);
			runOnlyForDeploymentPostprocessing = 0;
		};
		151427CB24CF369A0055BCD7 /* Frameworks */ = {
			isa = PBXFrameworksBuildPhase;
			buildActionMask = 2147483647;
			files = (
			);
			runOnlyForDeploymentPostprocessing = 0;
		};
/* End PBXFrameworksBuildPhase section */

/* Begin PBXGroup section */
		151427A424CF36970055BCD7 = {
			isa = PBXGroup;
			children = (
				151427AF24CF36970055BCD7 /* BandyerPj */,
				151427C624CF369A0055BCD7 /* BandyerPjTests */,
				151427D124CF369A0055BCD7 /* BandyerPjUITests */,
				151427AE24CF36970055BCD7 /* Products */,
			);
			sourceTree = "<group>";
		};
		151427AE24CF36970055BCD7 /* Products */ = {
			isa = PBXGroup;
			children = (
				151427AD24CF36970055BCD7 /* BandyerPj.app */,
				151427C324CF369A0055BCD7 /* BandyerPjTests.xctest */,
				151427CE24CF369A0055BCD7 /* BandyerPjUITests.xctest */,
			);
			name = Products;
			sourceTree = "<group>";
		};
		151427AF24CF36970055BCD7 /* BandyerPj */ = {
			isa = PBXGroup;
			children = (
				151427B024CF36970055BCD7 /* AppDelegate.swift */,
				151427B224CF36970055BCD7 /* SceneDelegate.swift */,
				1538DA1124D0818C005EB495 /* Model */,
				1538DA1224D0819A005EB495 /* UI */,
				151427B424CF36970055BCD7 /* ContactListViewController.swift */,
				1535F8CA24D16601008B0815 /* CallRoomViewController.swift */,
				151427B624CF36970055BCD7 /* Main.storyboard */,
				151427B924CF36990055BCD7 /* Assets.xcassets */,
				151427BB24CF36990055BCD7 /* LaunchScreen.storyboard */,
				151427BE24CF36990055BCD7 /* Info.plist */,
			);
			path = BandyerPj;
			sourceTree = "<group>";
		};
		151427C624CF369A0055BCD7 /* BandyerPjTests */ = {
			isa = PBXGroup;
			children = (
				151427C724CF369A0055BCD7 /* BandyerPjTests.swift */,
				151427C924CF369A0055BCD7 /* Info.plist */,
			);
			path = BandyerPjTests;
			sourceTree = "<group>";
		};
		151427D124CF369A0055BCD7 /* BandyerPjUITests */ = {
			isa = PBXGroup;
			children = (
				151427D224CF369A0055BCD7 /* BandyerPjUITests.swift */,
				151427D424CF369A0055BCD7 /* Info.plist */,
			);
			path = BandyerPjUITests;
			sourceTree = "<group>";
		};
		1535F8D124D1B8D2008B0815 /* Extension */ = {
			isa = PBXGroup;
			children = (
				1535F8CF24D1B3CF008B0815 /* UIViewExtension.swift */,
			);
			path = Extension;
			sourceTree = "<group>";
		};
		1535F8D224D1B8E9008B0815 /* View */ = {
			isa = PBXGroup;
			children = (
				1535F8CD24D1B167008B0815 /* CameraPreviewLayerView.swift */,
			);
			path = View;
			sourceTree = "<group>";
		};
		1538DA1124D0818C005EB495 /* Model */ = {
			isa = PBXGroup;
			children = (
				151427E124D00D930055BCD7 /* Contact.swift */,
			);
			path = Model;
			sourceTree = "<group>";
		};
		1538DA1224D0819A005EB495 /* UI */ = {
			isa = PBXGroup;
			children = (
				1535F8D224D1B8E9008B0815 /* View */,
				1535F8D124D1B8D2008B0815 /* Extension */,
				1538DA1324D0819F005EB495 /* TableViewCell */,
			);
			path = UI;
			sourceTree = "<group>";
		};
		1538DA1324D0819F005EB495 /* TableViewCell */ = {
			isa = PBXGroup;
			children = (
				151427E324D014250055BCD7 /* ContactInfoTableViewCell.swift */,
			);
			path = TableViewCell;
			sourceTree = "<group>";
		};
/* End PBXGroup section */

/* Begin PBXNativeTarget section */
		151427AC24CF36970055BCD7 /* BandyerPj */ = {
			isa = PBXNativeTarget;
			buildConfigurationList = 151427D724CF369A0055BCD7 /* Build configuration list for PBXNativeTarget "BandyerPj" */;
			buildPhases = (
				151427A924CF36970055BCD7 /* Sources */,
				151427AA24CF36970055BCD7 /* Frameworks */,
				151427AB24CF36970055BCD7 /* Resources */,
			);
			buildRules = (
			);
			dependencies = (
			);
			name = BandyerPj;
			productName = BandyerPj;
			productReference = 151427AD24CF36970055BCD7 /* BandyerPj.app */;
			productType = "com.apple.product-type.application";
		};
		151427C224CF369A0055BCD7 /* BandyerPjTests */ = {
			isa = PBXNativeTarget;
			buildConfigurationList = 151427DA24CF369A0055BCD7 /* Build configuration list for PBXNativeTarget "BandyerPjTests" */;
			buildPhases = (
				151427BF24CF369A0055BCD7 /* Sources */,
				151427C024CF369A0055BCD7 /* Frameworks */,
				151427C124CF369A0055BCD7 /* Resources */,
			);
			buildRules = (
			);
			dependencies = (
				151427C524CF369A0055BCD7 /* PBXTargetDependency */,
			);
			name = BandyerPjTests;
			productName = BandyerPjTests;
			productReference = 151427C324CF369A0055BCD7 /* BandyerPjTests.xctest */;
			productType = "com.apple.product-type.bundle.unit-test";
		};
		151427CD24CF369A0055BCD7 /* BandyerPjUITests */ = {
			isa = PBXNativeTarget;
			buildConfigurationList = 151427DD24CF369A0055BCD7 /* Build configuration list for PBXNativeTarget "BandyerPjUITests" */;
			buildPhases = (
				151427CA24CF369A0055BCD7 /* Sources */,
				151427CB24CF369A0055BCD7 /* Frameworks */,
				151427CC24CF369A0055BCD7 /* Resources */,
			);
			buildRules = (
			);
			dependencies = (
				151427D024CF369A0055BCD7 /* PBXTargetDependency */,
			);
			name = BandyerPjUITests;
			productName = BandyerPjUITests;
			productReference = 151427CE24CF369A0055BCD7 /* BandyerPjUITests.xctest */;
			productType = "com.apple.product-type.bundle.ui-testing";
		};
/* End PBXNativeTarget section */

/* Begin PBXProject section */
		151427A524CF36970055BCD7 /* Project object */ = {
			isa = PBXProject;
			attributes = {
				LastSwiftUpdateCheck = 1150;
				LastUpgradeCheck = 1150;
				ORGANIZATIONNAME = "Alessio Perrotti";
				TargetAttributes = {
					151427AC24CF36970055BCD7 = {
						CreatedOnToolsVersion = 11.5;
					};
					151427C224CF369A0055BCD7 = {
						CreatedOnToolsVersion = 11.5;
						TestTargetID = 151427AC24CF36970055BCD7;
					};
					151427CD24CF369A0055BCD7 = {
						CreatedOnToolsVersion = 11.5;
						TestTargetID = 151427AC24CF36970055BCD7;
					};
				};
			};
			buildConfigurationList = 151427A824CF36970055BCD7 /* Build configuration list for PBXProject "BandyerPj" */;
			compatibilityVersion = "Xcode 9.3";
			developmentRegion = en;
			hasScannedForEncodings = 0;
			knownRegions = (
				en,
				Base,
			);
			mainGroup = 151427A424CF36970055BCD7;
			productRefGroup = 151427AE24CF36970055BCD7 /* Products */;
			projectDirPath = "";
			projectRoot = "";
			targets = (
				151427AC24CF36970055BCD7 /* BandyerPj */,
				151427C224CF369A0055BCD7 /* BandyerPjTests */,
				151427CD24CF369A0055BCD7 /* BandyerPjUITests */,
			);
		};
/* End PBXProject section */

/* Begin PBXResourcesBuildPhase section */
		151427AB24CF36970055BCD7 /* Resources */ = {
			isa = PBXResourcesBuildPhase;
			buildActionMask = 2147483647;
			files = (
				151427BD24CF36990055BCD7 /* LaunchScreen.storyboard in Resources */,
				151427BA24CF36990055BCD7 /* Assets.xcassets in Resources */,
				151427B824CF36970055BCD7 /* Main.storyboard in Resources */,
			);
			runOnlyForDeploymentPostprocessing = 0;
		};
		151427C124CF369A0055BCD7 /* Resources */ = {
			isa = PBXResourcesBuildPhase;
			buildActionMask = 2147483647;
			files = (
			);
			runOnlyForDeploymentPostprocessing = 0;
		};
		151427CC24CF369A0055BCD7 /* Resources */ = {
			isa = PBXResourcesBuildPhase;
			buildActionMask = 2147483647;
			files = (
			);
			runOnlyForDeploymentPostprocessing = 0;
		};
/* End PBXResourcesBuildPhase section */

/* Begin PBXSourcesBuildPhase section */
		151427A924CF36970055BCD7 /* Sources */ = {
			isa = PBXSourcesBuildPhase;
			buildActionMask = 2147483647;
			files = (
				151427E224D00D930055BCD7 /* Contact.swift in Sources */,
				1535F8CE24D1B167008B0815 /* CameraPreviewLayerView.swift in Sources */,
				151427E424D014250055BCD7 /* ContactInfoTableViewCell.swift in Sources */,
				151427B524CF36970055BCD7 /* ContactListViewController.swift in Sources */,
				1535F8CB24D16601008B0815 /* CallRoomViewController.swift in Sources */,
				151427B124CF36970055BCD7 /* AppDelegate.swift in Sources */,
				1535F8D024D1B3CF008B0815 /* UIViewExtension.swift in Sources */,
				151427B324CF36970055BCD7 /* SceneDelegate.swift in Sources */,
			);
			runOnlyForDeploymentPostprocessing = 0;
		};
		151427BF24CF369A0055BCD7 /* Sources */ = {
			isa = PBXSourcesBuildPhase;
			buildActionMask = 2147483647;
			files = (
				151427C824CF369A0055BCD7 /* BandyerPjTests.swift in Sources */,
			);
			runOnlyForDeploymentPostprocessing = 0;
		};
		151427CA24CF369A0055BCD7 /* Sources */ = {
			isa = PBXSourcesBuildPhase;
			buildActionMask = 2147483647;
			files = (
				151427D324CF369A0055BCD7 /* BandyerPjUITests.swift in Sources */,
			);
			runOnlyForDeploymentPostprocessing = 0;
		};
/* End PBXSourcesBuildPhase section */

/* Begin PBXTargetDependency section */
		151427C524CF369A0055BCD7 /* PBXTargetDependency */ = {
			isa = PBXTargetDependency;
			target = 151427AC24CF36970055BCD7 /* BandyerPj */;
			targetProxy = 151427C424CF369A0055BCD7 /* PBXContainerItemProxy */;
		};
		151427D024CF369A0055BCD7 /* PBXTargetDependency */ = {
			isa = PBXTargetDependency;
			target = 151427AC24CF36970055BCD7 /* BandyerPj */;
			targetProxy = 151427CF24CF369A0055BCD7 /* PBXContainerItemProxy */;
		};
/* End PBXTargetDependency section */

/* Begin PBXVariantGroup section */
		151427B624CF36970055BCD7 /* Main.storyboard */ = {
			isa = PBXVariantGroup;
			children = (
				151427B724CF36970055BCD7 /* Base */,
			);
			name = Main.storyboard;
			sourceTree = "<group>";
		};
		151427BB24CF36990055BCD7 /* LaunchScreen.storyboard */ = {
			isa = PBXVariantGroup;
			children = (
				151427BC24CF36990055BCD7 /* Base */,
			);
			name = LaunchScreen.storyboard;
			sourceTree = "<group>";
		};
/* End PBXVariantGroup section */

/* Begin XCBuildConfiguration section */
		151427D524CF369A0055BCD7 /* Debug */ = {
			isa = XCBuildConfiguration;
			buildSettings = {
				ALWAYS_SEARCH_USER_PATHS = NO;
				CLANG_ANALYZER_NONNULL = YES;
				CLANG_ANALYZER_NUMBER_OBJECT_CONVERSION = YES_AGGRESSIVE;
				CLANG_CXX_LANGUAGE_STANDARD = "gnu++14";
				CLANG_CXX_LIBRARY = "libc++";
				CLANG_ENABLE_MODULES = YES;
				CLANG_ENABLE_OBJC_ARC = YES;
				CLANG_ENABLE_OBJC_WEAK = YES;
				CLANG_WARN_BLOCK_CAPTURE_AUTORELEASING = YES;
				CLANG_WARN_BOOL_CONVERSION = YES;
				CLANG_WARN_COMMA = YES;
				CLANG_WARN_CONSTANT_CONVERSION = YES;
				CLANG_WARN_DEPRECATED_OBJC_IMPLEMENTATIONS = YES;
				CLANG_WARN_DIRECT_OBJC_ISA_USAGE = YES_ERROR;
				CLANG_WARN_DOCUMENTATION_COMMENTS = YES;
				CLANG_WARN_EMPTY_BODY = YES;
				CLANG_WARN_ENUM_CONVERSION = YES;
				CLANG_WARN_INFINITE_RECURSION = YES;
				CLANG_WARN_INT_CONVERSION = YES;
				CLANG_WARN_NON_LITERAL_NULL_CONVERSION = YES;
				CLANG_WARN_OBJC_IMPLICIT_RETAIN_SELF = YES;
				CLANG_WARN_OBJC_LITERAL_CONVERSION = YES;
				CLANG_WARN_OBJC_ROOT_CLASS = YES_ERROR;
				CLANG_WARN_RANGE_LOOP_ANALYSIS = YES;
				CLANG_WARN_STRICT_PROTOTYPES = YES;
				CLANG_WARN_SUSPICIOUS_MOVE = YES;
				CLANG_WARN_UNGUARDED_AVAILABILITY = YES_AGGRESSIVE;
				CLANG_WARN_UNREACHABLE_CODE = YES;
				CLANG_WARN__DUPLICATE_METHOD_MATCH = YES;
				COPY_PHASE_STRIP = NO;
				DEBUG_INFORMATION_FORMAT = dwarf;
				ENABLE_STRICT_OBJC_MSGSEND = YES;
				ENABLE_TESTABILITY = YES;
				GCC_C_LANGUAGE_STANDARD = gnu11;
				GCC_DYNAMIC_NO_PIC = NO;
				GCC_NO_COMMON_BLOCKS = YES;
				GCC_OPTIMIZATION_LEVEL = 0;
				GCC_PREPROCESSOR_DEFINITIONS = (
					"DEBUG=1",
					"$(inherited)",
				);
				GCC_WARN_64_TO_32_BIT_CONVERSION = YES;
				GCC_WARN_ABOUT_RETURN_TYPE = YES_ERROR;
				GCC_WARN_UNDECLARED_SELECTOR = YES;
				GCC_WARN_UNINITIALIZED_AUTOS = YES_AGGRESSIVE;
				GCC_WARN_UNUSED_FUNCTION = YES;
				GCC_WARN_UNUSED_VARIABLE = YES;
				IPHONEOS_DEPLOYMENT_TARGET = 9.0;
				MTL_ENABLE_DEBUG_INFO = INCLUDE_SOURCE;
				MTL_FAST_MATH = YES;
				ONLY_ACTIVE_ARCH = YES;
				SDKROOT = iphoneos;
				SWIFT_ACTIVE_COMPILATION_CONDITIONS = DEBUG;
				SWIFT_OPTIMIZATION_LEVEL = "-Onone";
			};
			name = Debug;
		};
		151427D624CF369A0055BCD7 /* Release */ = {
			isa = XCBuildConfiguration;
			buildSettings = {
				ALWAYS_SEARCH_USER_PATHS = NO;
				CLANG_ANALYZER_NONNULL = YES;
				CLANG_ANALYZER_NUMBER_OBJECT_CONVERSION = YES_AGGRESSIVE;
				CLANG_CXX_LANGUAGE_STANDARD = "gnu++14";
				CLANG_CXX_LIBRARY = "libc++";
				CLANG_ENABLE_MODULES = YES;
				CLANG_ENABLE_OBJC_ARC = YES;
				CLANG_ENABLE_OBJC_WEAK = YES;
				CLANG_WARN_BLOCK_CAPTURE_AUTORELEASING = YES;
				CLANG_WARN_BOOL_CONVERSION = YES;
				CLANG_WARN_COMMA = YES;
				CLANG_WARN_CONSTANT_CONVERSION = YES;
				CLANG_WARN_DEPRECATED_OBJC_IMPLEMENTATIONS = YES;
				CLANG_WARN_DIRECT_OBJC_ISA_USAGE = YES_ERROR;
				CLANG_WARN_DOCUMENTATION_COMMENTS = YES;
				CLANG_WARN_EMPTY_BODY = YES;
				CLANG_WARN_ENUM_CONVERSION = YES;
				CLANG_WARN_INFINITE_RECURSION = YES;
				CLANG_WARN_INT_CONVERSION = YES;
				CLANG_WARN_NON_LITERAL_NULL_CONVERSION = YES;
				CLANG_WARN_OBJC_IMPLICIT_RETAIN_SELF = YES;
				CLANG_WARN_OBJC_LITERAL_CONVERSION = YES;
				CLANG_WARN_OBJC_ROOT_CLASS = YES_ERROR;
				CLANG_WARN_RANGE_LOOP_ANALYSIS = YES;
				CLANG_WARN_STRICT_PROTOTYPES = YES;
				CLANG_WARN_SUSPICIOUS_MOVE = YES;
				CLANG_WARN_UNGUARDED_AVAILABILITY = YES_AGGRESSIVE;
				CLANG_WARN_UNREACHABLE_CODE = YES;
				CLANG_WARN__DUPLICATE_METHOD_MATCH = YES;
				COPY_PHASE_STRIP = NO;
				DEBUG_INFORMATION_FORMAT = "dwarf-with-dsym";
				ENABLE_NS_ASSERTIONS = NO;
				ENABLE_STRICT_OBJC_MSGSEND = YES;
				GCC_C_LANGUAGE_STANDARD = gnu11;
				GCC_NO_COMMON_BLOCKS = YES;
				GCC_WARN_64_TO_32_BIT_CONVERSION = YES;
				GCC_WARN_ABOUT_RETURN_TYPE = YES_ERROR;
				GCC_WARN_UNDECLARED_SELECTOR = YES;
				GCC_WARN_UNINITIALIZED_AUTOS = YES_AGGRESSIVE;
				GCC_WARN_UNUSED_FUNCTION = YES;
				GCC_WARN_UNUSED_VARIABLE = YES;
				IPHONEOS_DEPLOYMENT_TARGET = 9.0;
				MTL_ENABLE_DEBUG_INFO = NO;
				MTL_FAST_MATH = YES;
				SDKROOT = iphoneos;
				SWIFT_COMPILATION_MODE = wholemodule;
				SWIFT_OPTIMIZATION_LEVEL = "-O";
				VALIDATE_PRODUCT = YES;
			};
			name = Release;
		};
		151427D824CF369A0055BCD7 /* Debug */ = {
			isa = XCBuildConfiguration;
			buildSettings = {
				ASSETCATALOG_COMPILER_APPICON_NAME = AppIcon;
				CODE_SIGN_STYLE = Automatic;
				DEVELOPMENT_TEAM = 8FSL5MASH7;
				INFOPLIST_FILE = BandyerPj/Info.plist;
				LD_RUNPATH_SEARCH_PATHS = (
					"$(inherited)",
					"@executable_path/Frameworks",
				);
				PRODUCT_BUNDLE_IDENTIFIER = com.perrottialessio.BandyerPj;
				PRODUCT_NAME = "$(TARGET_NAME)";
				SWIFT_VERSION = 5.0;
				TARGETED_DEVICE_FAMILY = "1,2";
			};
			name = Debug;
		};
		151427D924CF369A0055BCD7 /* Release */ = {
			isa = XCBuildConfiguration;
			buildSettings = {
				ASSETCATALOG_COMPILER_APPICON_NAME = AppIcon;
				CODE_SIGN_STYLE = Automatic;
				DEVELOPMENT_TEAM = 8FSL5MASH7;
				INFOPLIST_FILE = BandyerPj/Info.plist;
				LD_RUNPATH_SEARCH_PATHS = (
					"$(inherited)",
					"@executable_path/Frameworks",
				);
				PRODUCT_BUNDLE_IDENTIFIER = com.perrottialessio.BandyerPj;
				PRODUCT_NAME = "$(TARGET_NAME)";
				SWIFT_VERSION = 5.0;
				TARGETED_DEVICE_FAMILY = "1,2";
			};
			name = Release;
		};
		151427DB24CF369A0055BCD7 /* Debug */ = {
			isa = XCBuildConfiguration;
			buildSettings = {
				ALWAYS_EMBED_SWIFT_STANDARD_LIBRARIES = YES;
				BUNDLE_LOADER = "$(TEST_HOST)";
				CODE_SIGN_STYLE = Automatic;
				DEVELOPMENT_TEAM = 8FSL5MASH7;
				INFOPLIST_FILE = BandyerPjTests/Info.plist;
				IPHONEOS_DEPLOYMENT_TARGET = 13.5;
				LD_RUNPATH_SEARCH_PATHS = (
					"$(inherited)",
					"@executable_path/Frameworks",
					"@loader_path/Frameworks",
				);
				PRODUCT_BUNDLE_IDENTIFIER = com.perrottialessio.BandyerPjTests;
				PRODUCT_NAME = "$(TARGET_NAME)";
				SWIFT_VERSION = 5.0;
				TARGETED_DEVICE_FAMILY = "1,2";
				TEST_HOST = "$(BUILT_PRODUCTS_DIR)/BandyerPj.app/BandyerPj";
			};
			name = Debug;
		};
		151427DC24CF369A0055BCD7 /* Release */ = {
			isa = XCBuildConfiguration;
			buildSettings = {
				ALWAYS_EMBED_SWIFT_STANDARD_LIBRARIES = YES;
				BUNDLE_LOADER = "$(TEST_HOST)";
				CODE_SIGN_STYLE = Automatic;
				DEVELOPMENT_TEAM = 8FSL5MASH7;
				INFOPLIST_FILE = BandyerPjTests/Info.plist;
				IPHONEOS_DEPLOYMENT_TARGET = 13.5;
				LD_RUNPATH_SEARCH_PATHS = (
					"$(inherited)",
					"@executable_path/Frameworks",
					"@loader_path/Frameworks",
				);
				PRODUCT_BUNDLE_IDENTIFIER = com.perrottialessio.BandyerPjTests;
				PRODUCT_NAME = "$(TARGET_NAME)";
				SWIFT_VERSION = 5.0;
				TARGETED_DEVICE_FAMILY = "1,2";
				TEST_HOST = "$(BUILT_PRODUCTS_DIR)/BandyerPj.app/BandyerPj";
			};
			name = Release;
		};
		151427DE24CF369A0055BCD7 /* Debug */ = {
			isa = XCBuildConfiguration;
			buildSettings = {
				ALWAYS_EMBED_SWIFT_STANDARD_LIBRARIES = YES;
				CODE_SIGN_STYLE = Automatic;
				DEVELOPMENT_TEAM = 8FSL5MASH7;
				INFOPLIST_FILE = BandyerPjUITests/Info.plist;
				LD_RUNPATH_SEARCH_PATHS = (
					"$(inherited)",
					"@executable_path/Frameworks",
					"@loader_path/Frameworks",
				);
				PRODUCT_BUNDLE_IDENTIFIER = com.perrottialessio.BandyerPjUITests;
				PRODUCT_NAME = "$(TARGET_NAME)";
				SWIFT_VERSION = 5.0;
				TARGETED_DEVICE_FAMILY = "1,2";
				TEST_TARGET_NAME = BandyerPj;
			};
			name = Debug;
		};
		151427DF24CF369A0055BCD7 /* Release */ = {
			isa = XCBuildConfiguration;
			buildSettings = {
				ALWAYS_EMBED_SWIFT_STANDARD_LIBRARIES = YES;
				CODE_SIGN_STYLE = Automatic;
				DEVELOPMENT_TEAM = 8FSL5MASH7;
				INFOPLIST_FILE = BandyerPjUITests/Info.plist;
				LD_RUNPATH_SEARCH_PATHS = (
					"$(inherited)",
					"@executable_path/Frameworks",
					"@loader_path/Frameworks",
				);
				PRODUCT_BUNDLE_IDENTIFIER = com.perrottialessio.BandyerPjUITests;
				PRODUCT_NAME = "$(TARGET_NAME)";
				SWIFT_VERSION = 5.0;
				TARGETED_DEVICE_FAMILY = "1,2";
				TEST_TARGET_NAME = BandyerPj;
			};
			name = Release;
		};
/* End XCBuildConfiguration section */

/* Begin XCConfigurationList section */
		151427A824CF36970055BCD7 /* Build configuration list for PBXProject "BandyerPj" */ = {
			isa = XCConfigurationList;
			buildConfigurations = (
				151427D524CF369A0055BCD7 /* Debug */,
				151427D624CF369A0055BCD7 /* Release */,
			);
			defaultConfigurationIsVisible = 0;
			defaultConfigurationName = Release;
		};
		151427D724CF369A0055BCD7 /* Build configuration list for PBXNativeTarget "BandyerPj" */ = {
			isa = XCConfigurationList;
			buildConfigurations = (
				151427D824CF369A0055BCD7 /* Debug */,
				151427D924CF369A0055BCD7 /* Release */,
			);
			defaultConfigurationIsVisible = 0;
			defaultConfigurationName = Release;
		};
		151427DA24CF369A0055BCD7 /* Build configuration list for PBXNativeTarget "BandyerPjTests" */ = {
			isa = XCConfigurationList;
			buildConfigurations = (
				151427DB24CF369A0055BCD7 /* Debug */,
				151427DC24CF369A0055BCD7 /* Release */,
			);
			defaultConfigurationIsVisible = 0;
			defaultConfigurationName = Release;
		};
		151427DD24CF369A0055BCD7 /* Build configuration list for PBXNativeTarget "BandyerPjUITests" */ = {
			isa = XCConfigurationList;
			buildConfigurations = (
				151427DE24CF369A0055BCD7 /* Debug */,
				151427DF24CF369A0055BCD7 /* Release */,
			);
			defaultConfigurationIsVisible = 0;
			defaultConfigurationName = Release;
		};
/* End XCConfigurationList section */
	};
	rootObject = 151427A524CF36970055BCD7 /* Project object */;
}
